
Microsoft Visual Studio Solution File, Format Version 12.00
# Visual Studio Version 16
VisualStudioVersion = 16.0.33214.272
MinimumVisualStudioVersion = 10.0.40219.1
Project("{8BC9CEB8-8B4A-11D0-8D11-00A0C91BC942}") = "cancancan", "cancancan\cancancan.vcxproj", "{A52CE5D4-DA01-4FDB-8378-F4DBCB90660E}"
EndProject
Global
	GlobalSection(SolutionConfigurationPlatforms) = preSolution
		Debug|x64 = Debug|x64
		Debug|x86 = Debug|x86
		Release|x64 = Release|x64
		Release|x86 = Release|x86
	EndGlobalSection
	GlobalSection(ProjectConfigurationPlatforms) = postSolution
		{A52CE5D4-DA01-4FDB-8378-F4DBCB90660E}.Debug|x64.ActiveCfg = Debug|x64
		{A52CE5D4-DA01-4FDB-8378-F4DBCB90660E}.Debug|x64.Build.0 = Debug|x64
		{A52CE5D4-DA01-4FDB-8378-F4DBCB90660E}.Debug|x86.ActiveCfg = Debug|Win32
		{A52CE5D4-DA01-4FDB-8378-F4DBCB90660E}.Debug|x86.Build.0 = Debug|Win32
		{A52CE5D4-DA01-4FDB-8378-F4DBCB90660E}.Release|x64.ActiveCfg = Release|x64
		{A52CE5D4-DA01-4FDB-8378-F4DBCB90660E}.Release|x64.Build.0 = Release|x64
		{A52CE5D4-DA01-4FDB-8378-F4DBCB90660E}.Release|x86.ActiveCfg = Release|Win32
		{A52CE5D4-DA01-4FDB-8378-F4DBCB90660E}.Release|x86.Build.0 = Release|Win32
	EndGlobalSection
	GlobalSection(SolutionProperties) = preSolution
		HideSolutionNode = FALSE
	EndGlobalSection
	GlobalSection(ExtensibilityGlobals) = postSolution
		SolutionGuid = {3B7E796C-6D7E-45AF-9731-5C9C07C64F97}
	EndGlobalSection
EndGlobal
